
Microsoft Visual Studio Solution File, Format Version 12.00
Project("{FAE04EC0-301F-11D3-BF4B-00C04F79EFBC}") = "AutoDeployrAIServiceAndNETanalyzer", "AutoDeployrAIServiceAndNETanalyzer\AutoDeployrAIServiceAndNETanalyzer.csproj", "{7016CACE-DDF6-42B8-BAB0-90070C8E2A6F}"
EndProject
Global
	GlobalSection(SolutionConfigurationPlatforms) = preSolution
		Debug|Any CPU = Debug|Any CPU
		Release|Any CPU = Release|Any CPU
	EndGlobalSection
	GlobalSection(ProjectConfigurationPlatforms) = postSolution
		{7016CACE-DDF6-42B8-BAB0-90070C8E2A6F}.Debug|Any CPU.ActiveCfg = Debug|Any CPU
		{7016CACE-DDF6-42B8-BAB0-90070C8E2A6F}.Debug|Any CPU.Build.0 = Debug|Any CPU
		{7016CACE-DDF6-42B8-BAB0-90070C8E2A6F}.Release|Any CPU.ActiveCfg = Release|Any CPU
		{7016CACE-DDF6-42B8-BAB0-90070C8E2A6F}.Release|Any CPU.Build.0 = Release|Any CPU
	EndGlobalSection
EndGlobal
